// !$*UTF8*$!
{
	archiveVersion = 1;
	classes = {
	};
	objectVersion = 50;
	objects = {

/* Begin PBXBuildFile section */
		C75E02DF2666053D00DA04E5 /* AppDelegate.swift in Sources */ = {isa = PBXBuildFile; fileRef = C75E02DE2666053D00DA04E5 /* AppDelegate.swift */; };
		C75E02E12666053D00DA04E5 /* SceneDelegate.swift in Sources */ = {isa = PBXBuildFile; fileRef = C75E02E02666053D00DA04E5 /* SceneDelegate.swift */; };
		C75E02E32666053D00DA04E5 /* GalleryViewController.swift in Sources */ = {isa = PBXBuildFile; fileRef = C75E02E22666053D00DA04E5 /* GalleryViewController.swift */; };
		C75E02E62666053D00DA04E5 /* Main.storyboard in Resources */ = {isa = PBXBuildFile; fileRef = C75E02E42666053D00DA04E5 /* Main.storyboard */; };
		C75E02E82666054500DA04E5 /* Assets.xcassets in Resources */ = {isa = PBXBuildFile; fileRef = C75E02E72666054500DA04E5 /* Assets.xcassets */; };
		C75E02EB2666054500DA04E5 /* LaunchScreen.storyboard in Resources */ = {isa = PBXBuildFile; fileRef = C75E02E92666054500DA04E5 /* LaunchScreen.storyboard */; };
		C75E02F62666599F00DA04E5 /* GalleryManager.swift in Sources */ = {isa = PBXBuildFile; fileRef = C75E02F52666599F00DA04E5 /* GalleryManager.swift */; };
		C75E02FA26665A1D00DA04E5 /* GalleryData.swift in Sources */ = {isa = PBXBuildFile; fileRef = C75E02F926665A1D00DA04E5 /* GalleryData.swift */; };
		C75E02FE2666635900DA04E5 /* GalleryViewModel.swift in Sources */ = {isa = PBXBuildFile; fileRef = C75E02FD2666635900DA04E5 /* GalleryViewModel.swift */; };
		C75E0301266664DC00DA04E5 /* GalleryTableViewCell.swift in Sources */ = {isa = PBXBuildFile; fileRef = C75E0300266664DC00DA04E5 /* GalleryTableViewCell.swift */; };
		C75E03042666660100DA04E5 /* Constant.swift in Sources */ = {isa = PBXBuildFile; fileRef = C75E03032666660100DA04E5 /* Constant.swift */; };
		C75E03072667B36800DA04E5 /* ImageViewController.swift in Sources */ = {isa = PBXBuildFile; fileRef = C75E03062667B36800DA04E5 /* ImageViewController.swift */; };
		C75E03092667DE5800DA04E5 /* PopUp.swift in Sources */ = {isa = PBXBuildFile; fileRef = C75E03082667DE5800DA04E5 /* PopUp.swift */; };
		C75E030C26681A5300DA04E5 /* Reachability.swift in Sources */ = {isa = PBXBuildFile; fileRef = C75E030B26681A5300DA04E5 /* Reachability.swift */; };
		C75E030F26681CFC00DA04E5 /* NetworkCheck.swift in Sources */ = {isa = PBXBuildFile; fileRef = C75E030E26681CFB00DA04E5 /* NetworkCheck.swift */; };
		C75E031126681FA200DA04E5 /* InternetConnectionMessageViewController.swift in Sources */ = {isa = PBXBuildFile; fileRef = C75E031026681FA200DA04E5 /* InternetConnectionMessageViewController.swift */; };
		C75E03132668289A00DA04E5 /* ErrorMessageViewController.swift in Sources */ = {isa = PBXBuildFile; fileRef = C75E03122668289A00DA04E5 /* ErrorMessageViewController.swift */; };
/* End PBXBuildFile section */

/* Begin PBXFileReference section */
		C75E02DB2666053D00DA04E5 /* PhotoGalleryApp.app */ = {isa = PBXFileReference; explicitFileType = wrapper.application; includeInIndex = 0; path = PhotoGalleryApp.app; sourceTree = BUILT_PRODUCTS_DIR; };
		C75E02DE2666053D00DA04E5 /* AppDelegate.swift */ = {isa = PBXFileReference; lastKnownFileType = sourcecode.swift; path = AppDelegate.swift; sourceTree = "<group>"; };
		C75E02E02666053D00DA04E5 /* SceneDelegate.swift */ = {isa = PBXFileReference; lastKnownFileType = sourcecode.swift; path = SceneDelegate.swift; sourceTree = "<group>"; };
		C75E02E22666053D00DA04E5 /* GalleryViewController.swift */ = {isa = PBXFileReference; lastKnownFileType = sourcecode.swift; path = GalleryViewController.swift; sourceTree = "<group>"; };
		C75E02E52666053D00DA04E5 /* Base */ = {isa = PBXFileReference; lastKnownFileType = file.storyboard; name = Base; path = Base.lproj/Main.storyboard; sourceTree = "<group>"; };
		C75E02E72666054500DA04E5 /* Assets.xcassets */ = {isa = PBXFileReference; lastKnownFileType = folder.assetcatalog; path = Assets.xcassets; sourceTree = "<group>"; };
		C75E02EA2666054500DA04E5 /* Base */ = {isa = PBXFileReference; lastKnownFileType = file.storyboard; name = Base; path = Base.lproj/LaunchScreen.storyboard; sourceTree = "<group>"; };
		C75E02EC2666054500DA04E5 /* Info.plist */ = {isa = PBXFileReference; lastKnownFileType = text.plist.xml; path = Info.plist; sourceTree = "<group>"; };
		C75E02F52666599F00DA04E5 /* GalleryManager.swift */ = {isa = PBXFileReference; lastKnownFileType = sourcecode.swift; path = GalleryManager.swift; sourceTree = "<group>"; };
		C75E02F926665A1D00DA04E5 /* GalleryData.swift */ = {isa = PBXFileReference; lastKnownFileType = sourcecode.swift; path = GalleryData.swift; sourceTree = "<group>"; };
		C75E02FD2666635900DA04E5 /* GalleryViewModel.swift */ = {isa = PBXFileReference; lastKnownFileType = sourcecode.swift; path = GalleryViewModel.swift; sourceTree = "<group>"; };
		C75E0300266664DC00DA04E5 /* GalleryTableViewCell.swift */ = {isa = PBXFileReference; lastKnownFileType = sourcecode.swift; path = GalleryTableViewCell.swift; sourceTree = "<group>"; };
		C75E03032666660100DA04E5 /* Constant.swift */ = {isa = PBXFileReference; lastKnownFileType = sourcecode.swift; path = Constant.swift; sourceTree = "<group>"; };
		C75E03062667B36800DA04E5 /* ImageViewController.swift */ = {isa = PBXFileReference; lastKnownFileType = sourcecode.swift; path = ImageViewController.swift; sourceTree = "<group>"; };
		C75E03082667DE5800DA04E5 /* PopUp.swift */ = {isa = PBXFileReference; lastKnownFileType = sourcecode.swift; path = PopUp.swift; sourceTree = "<group>"; };
		C75E030B26681A5300DA04E5 /* Reachability.swift */ = {isa = PBXFileReference; lastKnownFileType = sourcecode.swift; path = Reachability.swift; sourceTree = "<group>"; };
		C75E030E26681CFB00DA04E5 /* NetworkCheck.swift */ = {isa = PBXFileReference; lastKnownFileType = sourcecode.swift; path = NetworkCheck.swift; sourceTree = "<group>"; };
		C75E031026681FA200DA04E5 /* InternetConnectionMessageViewController.swift */ = {isa = PBXFileReference; lastKnownFileType = sourcecode.swift; path = InternetConnectionMessageViewController.swift; sourceTree = "<group>"; };
		C75E03122668289A00DA04E5 /* ErrorMessageViewController.swift */ = {isa = PBXFileReference; lastKnownFileType = sourcecode.swift; path = ErrorMessageViewController.swift; sourceTree = "<group>"; };
/* End PBXFileReference section */

/* Begin PBXFrameworksBuildPhase section */
		C75E02D82666053D00DA04E5 /* Frameworks */ = {
			isa = PBXFrameworksBuildPhase;
			buildActionMask = 2147483647;
			files = (
			);
			runOnlyForDeploymentPostprocessing = 0;
		};
/* End PBXFrameworksBuildPhase section */

/* Begin PBXGroup section */
		C75E02D22666053D00DA04E5 = {
			isa = PBXGroup;
			children = (
				C75E02DD2666053D00DA04E5 /* PhotoGalleryApp */,
				C75E02DC2666053D00DA04E5 /* Products */,
			);
			sourceTree = "<group>";
		};
		C75E02DC2666053D00DA04E5 /* Products */ = {
			isa = PBXGroup;
			children = (
				C75E02DB2666053D00DA04E5 /* PhotoGalleryApp.app */,
			);
			name = Products;
			sourceTree = "<group>";
		};
		C75E02DD2666053D00DA04E5 /* PhotoGalleryApp */ = {
			isa = PBXGroup;
			children = (
				C75E030A26681A2F00DA04E5 /* Resources */,
				C75E02F8266659BF00DA04E5 /* Model */,
				C75E03052667640900DA04E5 /* View */,
				C75E02F7266659AB00DA04E5 /* ViewModel */,
				C75E02FC26665A7D00DA04E5 /* Controller */,
				C75E02F42666597300DA04E5 /* Utility */,
				C75E0302266665ED00DA04E5 /* Constants */,
				C75E02E02666053D00DA04E5 /* SceneDelegate.swift */,
				C75E02DE2666053D00DA04E5 /* AppDelegate.swift */,
				C75E02E72666054500DA04E5 /* Assets.xcassets */,
				C75E02E92666054500DA04E5 /* LaunchScreen.storyboard */,
				C75E02EC2666054500DA04E5 /* Info.plist */,
			);
			path = PhotoGalleryApp;
			sourceTree = "<group>";
		};
		C75E02F42666597300DA04E5 /* Utility */ = {
			isa = PBXGroup;
			children = (
				C75E02F52666599F00DA04E5 /* GalleryManager.swift */,
				C75E03082667DE5800DA04E5 /* PopUp.swift */,
			);
			path = Utility;
			sourceTree = "<group>";
		};
		C75E02F7266659AB00DA04E5 /* ViewModel */ = {
			isa = PBXGroup;
			children = (
				C75E02FD2666635900DA04E5 /* GalleryViewModel.swift */,
			);
			path = ViewModel;
			sourceTree = "<group>";
		};
		C75E02F8266659BF00DA04E5 /* Model */ = {
			isa = PBXGroup;
			children = (
				C75E02F926665A1D00DA04E5 /* GalleryData.swift */,
			);
			path = Model;
			sourceTree = "<group>";
		};
		C75E02FC26665A7D00DA04E5 /* Controller */ = {
			isa = PBXGroup;
			children = (
				C75E02E22666053D00DA04E5 /* GalleryViewController.swift */,
				C75E03062667B36800DA04E5 /* ImageViewController.swift */,
				C75E031026681FA200DA04E5 /* InternetConnectionMessageViewController.swift */,
				C75E03122668289A00DA04E5 /* ErrorMessageViewController.swift */,
				C75E030D26681CDD00DA04E5 /* Extensions */,
				C75E02FF266664AC00DA04E5 /* Cell */,
			);
			path = Controller;
			sourceTree = "<group>";
		};
		C75E02FF266664AC00DA04E5 /* Cell */ = {
			isa = PBXGroup;
			children = (
				C75E0300266664DC00DA04E5 /* GalleryTableViewCell.swift */,
			);
			path = Cell;
			sourceTree = "<group>";
		};
		C75E0302266665ED00DA04E5 /* Constants */ = {
			isa = PBXGroup;
			children = (
				C75E03032666660100DA04E5 /* Constant.swift */,
			);
			path = Constants;
			sourceTree = "<group>";
		};
		C75E03052667640900DA04E5 /* View */ = {
			isa = PBXGroup;
			children = (
				C75E02E42666053D00DA04E5 /* Main.storyboard */,
			);
			path = View;
			sourceTree = "<group>";
		};
		C75E030A26681A2F00DA04E5 /* Resources */ = {
			isa = PBXGroup;
			children = (
				C75E030B26681A5300DA04E5 /* Reachability.swift */,
			);
			path = Resources;
			sourceTree = "<group>";
		};
		C75E030D26681CDD00DA04E5 /* Extensions */ = {
			isa = PBXGroup;
			children = (
				C75E030E26681CFB00DA04E5 /* NetworkCheck.swift */,
			);
			path = Extensions;
			sourceTree = "<group>";
		};
/* End PBXGroup section */

/* Begin PBXNativeTarget section */
		C75E02DA2666053D00DA04E5 /* PhotoGalleryApp */ = {
			isa = PBXNativeTarget;
			buildConfigurationList = C75E02EF2666054500DA04E5 /* Build configuration list for PBXNativeTarget "PhotoGalleryApp" */;
			buildPhases = (
				C75E02D72666053D00DA04E5 /* Sources */,
				C75E02D82666053D00DA04E5 /* Frameworks */,
				C75E02D92666053D00DA04E5 /* Resources */,
			);
			buildRules = (
			);
			dependencies = (
			);
			name = PhotoGalleryApp;
			productName = PhotoGalleryApp;
			productReference = C75E02DB2666053D00DA04E5 /* PhotoGalleryApp.app */;
			productType = "com.apple.product-type.application";
		};
/* End PBXNativeTarget section */

/* Begin PBXProject section */
		C75E02D32666053D00DA04E5 /* Project object */ = {
			isa = PBXProject;
			attributes = {
				LastSwiftUpdateCheck = 1250;
				LastUpgradeCheck = 1250;
				TargetAttributes = {
					C75E02DA2666053D00DA04E5 = {
						CreatedOnToolsVersion = 12.5;
					};
				};
			};
			buildConfigurationList = C75E02D62666053D00DA04E5 /* Build configuration list for PBXProject "PhotoGalleryApp" */;
			compatibilityVersion = "Xcode 9.3";
			developmentRegion = en;
			hasScannedForEncodings = 0;
			knownRegions = (
				en,
				Base,
			);
			mainGroup = C75E02D22666053D00DA04E5;
			productRefGroup = C75E02DC2666053D00DA04E5 /* Products */;
			projectDirPath = "";
			projectRoot = "";
			targets = (
				C75E02DA2666053D00DA04E5 /* PhotoGalleryApp */,
			);
		};
/* End PBXProject section */

/* Begin PBXResourcesBuildPhase section */
		C75E02D92666053D00DA04E5 /* Resources */ = {
			isa = PBXResourcesBuildPhase;
			buildActionMask = 2147483647;
			files = (
				C75E02EB2666054500DA04E5 /* LaunchScreen.storyboard in Resources */,
				C75E02E82666054500DA04E5 /* Assets.xcassets in Resources */,
				C75E02E62666053D00DA04E5 /* Main.storyboard in Resources */,
			);
			runOnlyForDeploymentPostprocessing = 0;
		};
/* End PBXResourcesBuildPhase section */

/* Begin PBXSourcesBuildPhase section */
		C75E02D72666053D00DA04E5 /* Sources */ = {
			isa = PBXSourcesBuildPhase;
			buildActionMask = 2147483647;
			files = (
				C75E02FA26665A1D00DA04E5 /* GalleryData.swift in Sources */,
				C75E030F26681CFC00DA04E5 /* NetworkCheck.swift in Sources */,
				C75E03132668289A00DA04E5 /* ErrorMessageViewController.swift in Sources */,
				C75E03072667B36800DA04E5 /* ImageViewController.swift in Sources */,
				C75E0301266664DC00DA04E5 /* GalleryTableViewCell.swift in Sources */,
				C75E03042666660100DA04E5 /* Constant.swift in Sources */,
				C75E02FE2666635900DA04E5 /* GalleryViewModel.swift in Sources */,
				C75E02E32666053D00DA04E5 /* GalleryViewController.swift in Sources */,
				C75E03092667DE5800DA04E5 /* PopUp.swift in Sources */,
				C75E031126681FA200DA04E5 /* InternetConnectionMessageViewController.swift in Sources */,
				C75E030C26681A5300DA04E5 /* Reachability.swift in Sources */,
				C75E02DF2666053D00DA04E5 /* AppDelegate.swift in Sources */,
				C75E02F62666599F00DA04E5 /* GalleryManager.swift in Sources */,
				C75E02E12666053D00DA04E5 /* SceneDelegate.swift in Sources */,
			);
			runOnlyForDeploymentPostprocessing = 0;
		};
/* End PBXSourcesBuildPhase section */

/* Begin PBXVariantGroup section */
		C75E02E42666053D00DA04E5 /* Main.storyboard */ = {
			isa = PBXVariantGroup;
			children = (
				C75E02E52666053D00DA04E5 /* Base */,
			);
			name = Main.storyboard;
			sourceTree = "<group>";
		};
		C75E02E92666054500DA04E5 /* LaunchScreen.storyboard */ = {
			isa = PBXVariantGroup;
			children = (
				C75E02EA2666054500DA04E5 /* Base */,
			);
			name = LaunchScreen.storyboard;
			sourceTree = "<group>";
		};
/* End PBXVariantGroup section */

/* Begin XCBuildConfiguration section */
		C75E02ED2666054500DA04E5 /* Debug */ = {
			isa = XCBuildConfiguration;
			buildSettings = {
				ALWAYS_SEARCH_USER_PATHS = NO;
				CLANG_ANALYZER_NONNULL = YES;
				CLANG_ANALYZER_NUMBER_OBJECT_CONVERSION = YES_AGGRESSIVE;
				CLANG_CXX_LANGUAGE_STANDARD = "gnu++14";
				CLANG_CXX_LIBRARY = "libc++";
				CLANG_ENABLE_MODULES = YES;
				CLANG_ENABLE_OBJC_ARC = YES;
				CLANG_ENABLE_OBJC_WEAK = YES;
				CLANG_WARN_BLOCK_CAPTURE_AUTORELEASING = YES;
				CLANG_WARN_BOOL_CONVERSION = YES;
				CLANG_WARN_COMMA = YES;
				CLANG_WARN_CONSTANT_CONVERSION = YES;
				CLANG_WARN_DEPRECATED_OBJC_IMPLEMENTATIONS = YES;
				CLANG_WARN_DIRECT_OBJC_ISA_USAGE = YES_ERROR;
				CLANG_WARN_DOCUMENTATION_COMMENTS = YES;
				CLANG_WARN_EMPTY_BODY = YES;
				CLANG_WARN_ENUM_CONVERSION = YES;
				CLANG_WARN_INFINITE_RECURSION = YES;
				CLANG_WARN_INT_CONVERSION = YES;
				CLANG_WARN_NON_LITERAL_NULL_CONVERSION = YES;
				CLANG_WARN_OBJC_IMPLICIT_RETAIN_SELF = YES;
				CLANG_WARN_OBJC_LITERAL_CONVERSION = YES;
				CLANG_WARN_OBJC_ROOT_CLASS = YES_ERROR;
				CLANG_WARN_QUOTED_INCLUDE_IN_FRAMEWORK_HEADER = YES;
				CLANG_WARN_RANGE_LOOP_ANALYSIS = YES;
				CLANG_WARN_STRICT_PROTOTYPES = YES;
				CLANG_WARN_SUSPICIOUS_MOVE = YES;
				CLANG_WARN_UNGUARDED_AVAILABILITY = YES_AGGRESSIVE;
				CLANG_WARN_UNREACHABLE_CODE = YES;
				CLANG_WARN__DUPLICATE_METHOD_MATCH = YES;
				COPY_PHASE_STRIP = NO;
				DEBUG_INFORMATION_FORMAT = dwarf;
				ENABLE_STRICT_OBJC_MSGSEND = YES;
				ENABLE_TESTABILITY = YES;
				GCC_C_LANGUAGE_STANDARD = gnu11;
				GCC_DYNAMIC_NO_PIC = NO;
				GCC_NO_COMMON_BLOCKS = YES;
				GCC_OPTIMIZATION_LEVEL = 0;
				GCC_PREPROCESSOR_DEFINITIONS = (
					"DEBUG=1",
					"$(inherited)",
				);
				GCC_WARN_64_TO_32_BIT_CONVERSION = YES;
				GCC_WARN_ABOUT_RETURN_TYPE = YES_ERROR;
				GCC_WARN_UNDECLARED_SELECTOR = YES;
				GCC_WARN_UNINITIALIZED_AUTOS = YES_AGGRESSIVE;
				GCC_WARN_UNUSED_FUNCTION = YES;
				GCC_WARN_UNUSED_VARIABLE = YES;
				IPHONEOS_DEPLOYMENT_TARGET = 14.5;
				MTL_ENABLE_DEBUG_INFO = INCLUDE_SOURCE;
				MTL_FAST_MATH = YES;
				ONLY_ACTIVE_ARCH = YES;
				SDKROOT = iphoneos;
				SWIFT_ACTIVE_COMPILATION_CONDITIONS = DEBUG;
				SWIFT_OPTIMIZATION_LEVEL = "-Onone";
			};
			name = Debug;
		};
		C75E02EE2666054500DA04E5 /* Release */ = {
			isa = XCBuildConfiguration;
			buildSettings = {
				ALWAYS_SEARCH_USER_PATHS = NO;
				CLANG_ANALYZER_NONNULL = YES;
				CLANG_ANALYZER_NUMBER_OBJECT_CONVERSION = YES_AGGRESSIVE;
				CLANG_CXX_LANGUAGE_STANDARD = "gnu++14";
				CLANG_CXX_LIBRARY = "libc++";
				CLANG_ENABLE_MODULES = YES;
				CLANG_ENABLE_OBJC_ARC = YES;
				CLANG_ENABLE_OBJC_WEAK = YES;
				CLANG_WARN_BLOCK_CAPTURE_AUTORELEASING = YES;
				CLANG_WARN_BOOL_CONVERSION = YES;
				CLANG_WARN_COMMA = YES;
				CLANG_WARN_CONSTANT_CONVERSION = YES;
				CLANG_WARN_DEPRECATED_OBJC_IMPLEMENTATIONS = YES;
				CLANG_WARN_DIRECT_OBJC_ISA_USAGE = YES_ERROR;
				CLANG_WARN_DOCUMENTATION_COMMENTS = YES;
				CLANG_WARN_EMPTY_BODY = YES;
				CLANG_WARN_ENUM_CONVERSION = YES;
				CLANG_WARN_INFINITE_RECURSION = YES;
				CLANG_WARN_INT_CONVERSION = YES;
				CLANG_WARN_NON_LITERAL_NULL_CONVERSION = YES;
				CLANG_WARN_OBJC_IMPLICIT_RETAIN_SELF = YES;
				CLANG_WARN_OBJC_LITERAL_CONVERSION = YES;
				CLANG_WARN_OBJC_ROOT_CLASS = YES_ERROR;
				CLANG_WARN_QUOTED_INCLUDE_IN_FRAMEWORK_HEADER = YES;
				CLANG_WARN_RANGE_LOOP_ANALYSIS = YES;
				CLANG_WARN_STRICT_PROTOTYPES = YES;
				CLANG_WARN_SUSPICIOUS_MOVE = YES;
				CLANG_WARN_UNGUARDED_AVAILABILITY = YES_AGGRESSIVE;
				CLANG_WARN_UNREACHABLE_CODE = YES;
				CLANG_WARN__DUPLICATE_METHOD_MATCH = YES;
				COPY_PHASE_STRIP = NO;
				DEBUG_INFORMATION_FORMAT = "dwarf-with-dsym";
				ENABLE_NS_ASSERTIONS = NO;
				ENABLE_STRICT_OBJC_MSGSEND = YES;
				GCC_C_LANGUAGE_STANDARD = gnu11;
				GCC_NO_COMMON_BLOCKS = YES;
				GCC_WARN_64_TO_32_BIT_CONVERSION = YES;
				GCC_WARN_ABOUT_RETURN_TYPE = YES_ERROR;
				GCC_WARN_UNDECLARED_SELECTOR = YES;
				GCC_WARN_UNINITIALIZED_AUTOS = YES_AGGRESSIVE;
				GCC_WARN_UNUSED_FUNCTION = YES;
				GCC_WARN_UNUSED_VARIABLE = YES;
				IPHONEOS_DEPLOYMENT_TARGET = 14.5;
				MTL_ENABLE_DEBUG_INFO = NO;
				MTL_FAST_MATH = YES;
				SDKROOT = iphoneos;
				SWIFT_COMPILATION_MODE = wholemodule;
				SWIFT_OPTIMIZATION_LEVEL = "-O";
				VALIDATE_PRODUCT = YES;
			};
			name = Release;
		};
		C75E02F02666054500DA04E5 /* Debug */ = {
			isa = XCBuildConfiguration;
			buildSettings = {
				ASSETCATALOG_COMPILER_APPICON_NAME = AppIcon;
				ASSETCATALOG_COMPILER_GLOBAL_ACCENT_COLOR_NAME = AccentColor;
				CODE_SIGN_STYLE = Automatic;
				DEVELOPMENT_TEAM = M4CW5KP5TP;
				INFOPLIST_FILE = PhotoGalleryApp/Info.plist;
				LD_RUNPATH_SEARCH_PATHS = (
					"$(inherited)",
					"@executable_path/Frameworks",
				);
				PRODUCT_BUNDLE_IDENTIFIER = com.prachibile.PhotoGalleryApp;
				PRODUCT_NAME = "$(TARGET_NAME)";
				SWIFT_VERSION = 5.0;
				TARGETED_DEVICE_FAMILY = "1,2";
			};
			name = Debug;
		};
		C75E02F12666054500DA04E5 /* Release */ = {
			isa = XCBuildConfiguration;
			buildSettings = {
				ASSETCATALOG_COMPILER_APPICON_NAME = AppIcon;
				ASSETCATALOG_COMPILER_GLOBAL_ACCENT_COLOR_NAME = AccentColor;
				CODE_SIGN_STYLE = Automatic;
				DEVELOPMENT_TEAM = M4CW5KP5TP;
				INFOPLIST_FILE = PhotoGalleryApp/Info.plist;
				LD_RUNPATH_SEARCH_PATHS = (
					"$(inherited)",
					"@executable_path/Frameworks",
				);
				PRODUCT_BUNDLE_IDENTIFIER = com.prachibile.PhotoGalleryApp;
				PRODUCT_NAME = "$(TARGET_NAME)";
				SWIFT_VERSION = 5.0;
				TARGETED_DEVICE_FAMILY = "1,2";
			};
			name = Release;
		};
/* End XCBuildConfiguration section */

/* Begin XCConfigurationList section */
		C75E02D62666053D00DA04E5 /* Build configuration list for PBXProject "PhotoGalleryApp" */ = {
			isa = XCConfigurationList;
			buildConfigurations = (
				C75E02ED2666054500DA04E5 /* Debug */,
				C75E02EE2666054500DA04E5 /* Release */,
			);
			defaultConfigurationIsVisible = 0;
			defaultConfigurationName = Release;
		};
		C75E02EF2666054500DA04E5 /* Build configuration list for PBXNativeTarget "PhotoGalleryApp" */ = {
			isa = XCConfigurationList;
			buildConfigurations = (
				C75E02F02666054500DA04E5 /* Debug */,
				C75E02F12666054500DA04E5 /* Release */,
			);
			defaultConfigurationIsVisible = 0;
			defaultConfigurationName = Release;
		};
/* End XCConfigurationList section */
	};
	rootObject = C75E02D32666053D00DA04E5 /* Project object */;
}
